
Microsoft Visual Studio Solution File, Format Version 12.00
# Visual Studio 15
VisualStudioVersion = 15.0.28307.1267
MinimumVisualStudioVersion = 10.0.40219.1
Project("{FAE04EC0-301F-11D3-BF4B-00C04F79EFBC}") = "demo1", "demo1\demo1.csproj", "{989A4FFA-5BF9-4F86-B2FA-87CF90917966}"
EndProject
Global
	GlobalSection(SolutionConfigurationPlatforms) = preSolution
		Debug|Any CPU = Debug|Any CPU
		Release|Any CPU = Release|Any CPU
	EndGlobalSection
	GlobalSection(ProjectConfigurationPlatforms) = postSolution
		{989A4FFA-5BF9-4F86-B2FA-87CF90917966}.Debug|Any CPU.ActiveCfg = Debug|Any CPU
		{989A4FFA-5BF9-4F86-B2FA-87CF90917966}.Debug|Any CPU.Build.0 = Debug|Any CPU
		{989A4FFA-5BF9-4F86-B2FA-87CF90917966}.Release|Any CPU.ActiveCfg = Release|Any CPU
		{989A4FFA-5BF9-4F86-B2FA-87CF90917966}.Release|Any CPU.Build.0 = Release|Any CPU
	EndGlobalSection
	GlobalSection(SolutionProperties) = preSolution
		HideSolutionNode = FALSE
	EndGlobalSection
	GlobalSection(ExtensibilityGlobals) = postSolution
		SolutionGuid = {5F7130AD-8B01-4E59-8647-2A64C995D2FF}
	EndGlobalSection
EndGlobal
